<?xml version="1.0" encoding="utf-8"?>
<Project ToolsVersion="4.0" xmlns="http://schemas.microsoft.com/developer/msbuild/2003">
  <ItemGroup>
    <Filter Include="Source Files">
      <UniqueIdentifier>{4FC737F1-C7A5-4376-A066-2A32D752A2FF}</UniqueIdentifier>
      <Extensions>cpp;cxx;c;def</Extensions>
    </Filter>
    <Filter Include="Header Files">
      <UniqueIdentifier>{93995380-89BD-4b04-88EB-625FBE52EBFB}</UniqueIdentifier>
      <Extensions>h</Extensions>
    </Filter>
    <Filter Include="Form Files">
      <UniqueIdentifier>{99349809-55BA-4b9d-BF79-8FDBB0286EB3}</UniqueIdentifier>
      <Extensions>ui</Extensions>
    </Filter>
    <Filter Include="Resource Files">
      <UniqueIdentifier>{D9D6E242-F8AF-46E4-B9FD-80ECBC20BA3E}</UniqueIdentifier>
      <Extensions>qrc;*</Extensions>
      <ParseFiles>false</ParseFiles>
    </Filter>
    <Filter Include="Generated Files">
      <UniqueIdentifier>{71ED8ED8-ACB9-4CE9-BBE1-E00B30144E11}</UniqueIdentifier>
      <Extensions>moc;h;cpp</Extensions>
      <SourceControlFiles>False</SourceControlFiles>
    </Filter>
    <Filter Include="Generated Files\Debug">
      <UniqueIdentifier>{a8f8694c-de40-4b6a-a4cc-ae4585a809f5}</UniqueIdentifier>
      <Extensions>cpp;moc</Extensions>
      <SourceControlFiles>False</SourceControlFiles>
    </Filter>
    <Filter Include="Generated Files\Release">
      <UniqueIdentifier>{c851cef8-2a9f-482a-b025-3ef7a2f30dd7}</UniqueIdentifier>
      <Extensions>cpp;moc</Extensions>
      <SourceControlFiles>False</SourceControlFiles>
    </Filter>
    <Filter Include="Shaders">
      <UniqueIdentifier>{62f6ebc3-5ef7-44ad-9888-02b0839ffdb9}</UniqueIdentifier>
      <Extensions>glsl</Extensions>
    </Filter>
    <Filter Include="Scene">
      <UniqueIdentifier>{63047000-61e8-49d8-b6f0-2fbc4c6a4968}</UniqueIdentifier>
    </Filter>
    <Filter Include="Scene Configs">
      <UniqueIdentifier>{b301c732-acf5-42bb-a3a4-8bc0f872b4e3}</UniqueIdentifier>
    </Filter>
  </ItemGroup>
  <ItemGroup>
    <ClCompile Include="stdafx.cpp">
      <Filter>Source Files</Filter>
    </ClCompile>
    <ClCompile Include="main.cpp">
      <Filter>Source Files</Filter>
    </ClCompile>
    <ClCompile Include="raytracinggpu.cpp">
      <Filter>Source Files</Filter>
    </ClCompile>
    <ClCompile Include="GeneratedFiles\Debug\moc_raytracinggpu.cpp">
      <Filter>Generated Files\Debug</Filter>
    </ClCompile>
    <ClCompile Include="GeneratedFiles\Release\moc_raytracinggpu.cpp">
      <Filter>Generated Files\Release</Filter>
    </ClCompile>
    <ClCompile Include="GeneratedFiles\qrc_raytracinggpu.cpp">
      <Filter>Generated Files</Filter>
    </ClCompile>
    <ClCompile Include="GLMgr.cpp">
      <Filter>Source Files</Filter>
    </ClCompile>
    <ClCompile Include="OpenGLHelper.cpp">
      <Filter>Source Files</Filter>
    </ClCompile>
    <ClCompile Include="Sphere.cpp">
      <Filter>Scene</Filter>
    </ClCompile>
    <ClCompile Include="CameraOrto.cpp">
      <Filter>Scene</Filter>
    </ClCompile>
    <ClCompile Include="CameraPerspective.cpp">
      <Filter>Scene</Filter>
    </ClCompile>
    <ClCompile Include="Scene.cpp">
      <Filter>Scene</Filter>
    </ClCompile>
    <ClCompile Include="Color.cpp">
      <Filter>Source Files</Filter>
    </ClCompile>
    <ClCompile Include="Shading.cpp">
      <Filter>Source Files</Filter>
    </ClCompile>
    <ClCompile Include="Mesh.cpp">
      <Filter>Source Files</Filter>
    </ClCompile>
    <ClCompile Include="SceneConfigLoader.cpp">
      <Filter>Source Files</Filter>
    </ClCompile>
    <ClCompile Include="getopt.cpp">
      <Filter>Source Files</Filter>
    </ClCompile>
  </ItemGroup>
  <ItemGroup>
    <ClInclude Include="stdafx.h">
      <Filter>Header Files</Filter>
    </ClInclude>
    <ClInclude Include="GeneratedFiles\ui_raytracinggpu.h">
      <Filter>Generated Files</Filter>
    </ClInclude>
    <ClInclude Include="GLMgr.h">
      <Filter>Header Files</Filter>
    </ClInclude>
    <ClInclude Include="OpenGLHelper.h">
      <Filter>Header Files</Filter>
    </ClInclude>
    <ClInclude Include="ISceneObject.h">
      <Filter>Scene</Filter>
    </ClInclude>
    <ClInclude Include="Ray.h">
      <Filter>Scene</Filter>
    </ClInclude>
    <ClInclude Include="Sphere.h">
      <Filter>Scene</Filter>
    </ClInclude>
    <ClInclude Include="MetaTypes.h">
      <Filter>Header Files</Filter>
    </ClInclude>
    <ClInclude Include="ObjectHitResult.h">
      <Filter>Header Files</Filter>
    </ClInclude>
    <ClInclude Include="HitResult.h">
      <Filter>Header Files</Filter>
    </ClInclude>
    <ClInclude Include="Scene.h">
      <Filter>Scene</Filter>
    </ClInclude>
    <ClInclude Include="CameraOrto.h">
      <Filter>Scene</Filter>
    </ClInclude>
    <ClInclude Include="CameraPerspective.h">
      <Filter>Scene</Filter>
    </ClInclude>
    <ClInclude Include="PointLight.h">
      <Filter>Scene</Filter>
    </ClInclude>
    <ClInclude Include="StandardMaterial.h">
      <Filter>Scene</Filter>
    </ClInclude>
    <ClInclude Include="Color.h">
      <Filter>Header Files</Filter>
    </ClInclude>
    <ClInclude Include="Shading.h">
      <Filter>Header Files</Filter>
    </ClInclude>
    <ClInclude Include="HitTest.fs.h">
      <Filter>Shaders</Filter>
    </ClInclude>
    <ClInclude Include="Mesh.h">
      <Filter>Header Files</Filter>
    </ClInclude>
    <ClInclude Include="IMaterial.h">
      <Filter>Scene</Filter>
    </ClInclude>
    <ClInclude Include="Fps.h">
      <Filter>Header Files</Filter>
    </ClInclude>
    <ClInclude Include="Triangle3D.h">
      <Filter>Header Files</Filter>
    </ClInclude>
    <ClInclude Include="SceneConfigLoader.h">
      <Filter>Header Files</Filter>
    </ClInclude>
    <ClInclude Include="getopt.h">
      <Filter>Header Files</Filter>
    </ClInclude>
  </ItemGroup>
  <ItemGroup>
    <CustomBuild Include="raytracinggpu.h">
      <Filter>Header Files</Filter>
    </CustomBuild>
    <CustomBuild Include="raytracinggpu.ui">
      <Filter>Form Files</Filter>
    </CustomBuild>
    <CustomBuild Include="raytracinggpu.qrc">
      <Filter>Resource Files</Filter>
    </CustomBuild>
  </ItemGroup>
  <ItemGroup>
    <_EmbedManagedResourceFile Include="Main.vs.h">
      <Filter>Shaders</Filter>
    </_EmbedManagedResourceFile>
  </ItemGroup>
  <ItemGroup>
    <None Include="ClassDiagram.cd" />
    <None Include="SceneConfig.json">
      <Filter>Scene Configs</Filter>
    </None>
    <None Include="SceneConfig-BigBunny.json">
      <Filter>Scene Configs</Filter>
    </None>
    <None Include="SceneConfig-Bunny1.json">
      <Filter>Scene Configs</Filter>
    </None>
    <None Include="SceneConfig-Bunny2.json">
      <Filter>Scene Configs</Filter>
    </None>
    <None Include="SceneConfig-Bunny3.json">
      <Filter>Scene Configs</Filter>
    </None>
    <None Include="SceneConfig-Sphere.json">
      <Filter>Scene Configs</Filter>
    </None>
    <None Include="SceneConfig-Sphere2.json">
      <Filter>Scene Configs</Filter>
    </None>
    <None Include="SceneConfig-Dolphins.json">
      <Filter>Scene Configs</Filter>
    </None>
  </ItemGroup>
</Project>